github.com/huoshan017/ponu v0.0.0-20220616161235-73c89d317ecb h1:s6ctzLVix8dG7FB9YF1No/xY8Da/+HdMtZw1mnTST5Y=
github.com/huoshan017/ponu v0.0.0-20220616161235-73c89d317ecb/go.mod h1:EbmZkFD0LGEIgTiETwJlkL1qO1oRoR0DTzXWPLLMhco=
github.com/huoshan017/ponu v0.0.0-20220618123226-b9dbf89197cc h1:jYqvQqjtJ3yJ+z5dPcgSQnP+fjhAHgrQNBkrhPXFcxM=
github.com/huoshan017/ponu v0.0.0-20220618123226-b9dbf89197cc/go.mod h1:EbmZkFD0LGEIgTiETwJlkL1qO1oRoR0DTzXWPLLMhco=
